
Microsoft Visual Studio Solution File, Format Version 12.00
# Visual Studio Version 16
VisualStudioVersion = 16.0.30611.23
MinimumVisualStudioVersion = 10.0.40219.1
Project("{FAE04EC0-301F-11D3-BF4B-00C04F79EFBC}") = "grpcBlazorTest.Server", "grpcBlazorTest\Server\grpcBlazorTest.Server.csproj", "{733A1D77-0FB5-4E14-A8A9-802BA78BBECE}"
EndProject
Project("{FAE04EC0-301F-11D3-BF4B-00C04F79EFBC}") = "grpcBlazorTest.Client", "grpcBlazorTest\Client\grpcBlazorTest.Client.csproj", "{3BC8D9D8-F822-414F-A930-96479AE2A33E}"
EndProject
Project("{FAE04EC0-301F-11D3-BF4B-00C04F79EFBC}") = "grpcBlazorTest.Shared", "grpcBlazorTest\Shared\grpcBlazorTest.Shared.csproj", "{9F7F4C6A-201D-4DF1-BCA6-79D84309EFA3}"
EndProject
Global
	GlobalSection(SolutionConfigurationPlatforms) = preSolution
		Debug|Any CPU = Debug|Any CPU
		Release|Any CPU = Release|Any CPU
	EndGlobalSection
	GlobalSection(ProjectConfigurationPlatforms) = postSolution
		{733A1D77-0FB5-4E14-A8A9-802BA78BBECE}.Debug|Any CPU.ActiveCfg = Debug|Any CPU
		{733A1D77-0FB5-4E14-A8A9-802BA78BBECE}.Debug|Any CPU.Build.0 = Debug|Any CPU
		{733A1D77-0FB5-4E14-A8A9-802BA78BBECE}.Release|Any CPU.ActiveCfg = Release|Any CPU
		{733A1D77-0FB5-4E14-A8A9-802BA78BBECE}.Release|Any CPU.Build.0 = Release|Any CPU
		{3BC8D9D8-F822-414F-A930-96479AE2A33E}.Debug|Any CPU.ActiveCfg = Debug|Any CPU
		{3BC8D9D8-F822-414F-A930-96479AE2A33E}.Debug|Any CPU.Build.0 = Debug|Any CPU
		{3BC8D9D8-F822-414F-A930-96479AE2A33E}.Release|Any CPU.ActiveCfg = Release|Any CPU
		{3BC8D9D8-F822-414F-A930-96479AE2A33E}.Release|Any CPU.Build.0 = Release|Any CPU
		{9F7F4C6A-201D-4DF1-BCA6-79D84309EFA3}.Debug|Any CPU.ActiveCfg = Debug|Any CPU
		{9F7F4C6A-201D-4DF1-BCA6-79D84309EFA3}.Debug|Any CPU.Build.0 = Debug|Any CPU
		{9F7F4C6A-201D-4DF1-BCA6-79D84309EFA3}.Release|Any CPU.ActiveCfg = Release|Any CPU
		{9F7F4C6A-201D-4DF1-BCA6-79D84309EFA3}.Release|Any CPU.Build.0 = Release|Any CPU
	EndGlobalSection
	GlobalSection(SolutionProperties) = preSolution
		HideSolutionNode = FALSE
	EndGlobalSection
	GlobalSection(ExtensibilityGlobals) = postSolution
		SolutionGuid = {037D622A-E7FB-4964-944A-F317A3D42BC1}
	EndGlobalSection
EndGlobal
